
Microsoft Visual Studio Solution File, Format Version 12.00
# Visual Studio Version 16
VisualStudioVersion = 16.0.33423.256
MinimumVisualStudioVersion = 10.0.40219.1
Project("{FAE04EC0-301F-11D3-BF4B-00C04F79EFBC}") = "Two Sum", "Two Sum\Two Sum.csproj", "{21559594-AD95-4D37-A3BB-3F0542E00F8F}"
EndProject
Global
	GlobalSection(SolutionConfigurationPlatforms) = preSolution
		Debug|Any CPU = Debug|Any CPU
		Release|Any CPU = Release|Any CPU
	EndGlobalSection
	GlobalSection(ProjectConfigurationPlatforms) = postSolution
		{21559594-AD95-4D37-A3BB-3F0542E00F8F}.Debug|Any CPU.ActiveCfg = Debug|Any CPU
		{21559594-AD95-4D37-A3BB-3F0542E00F8F}.Debug|Any CPU.Build.0 = Debug|Any CPU
		{21559594-AD95-4D37-A3BB-3F0542E00F8F}.Release|Any CPU.ActiveCfg = Release|Any CPU
		{21559594-AD95-4D37-A3BB-3F0542E00F8F}.Release|Any CPU.Build.0 = Release|Any CPU
	EndGlobalSection
	GlobalSection(SolutionProperties) = preSolution
		HideSolutionNode = FALSE
	EndGlobalSection
	GlobalSection(ExtensibilityGlobals) = postSolution
		SolutionGuid = {B706FA9D-5A73-4B57-8644-E2820B61FA81}
	EndGlobalSection
EndGlobal
